{
  "name": "workspace",
  "lockfileVersion": 3,
  "requires": true,
  "packages": {
    "": {
      "dependencies": {
        "openclaw": "^0.0.1"
      }
    },
    "node_modules/openclaw": {
      "version": "0.0.1",
      "resolved": "https://registry.npmjs.org/openclaw/-/openclaw-0.0.1.tgz",
      "integrity": "sha512-RjBpKUdV8BeVBDWd3vJi4Okl7AwDwC/yKsP6tf89CQIH+B+M6J0SsxkyJqd5Kc/c4bZkJ7mWYSd4eYo4Jzc7mA==",
      "license": "UNLICENSED"
    }
  }
}
